// !$*UTF8*$!
{
	archiveVersion = 1;
	classes = {
	};
	objectVersion = 55;
	objects = {

/* Begin PBXBuildFile section */
		80A6859527091FC600E7DEE3 /* AppDelegate.swift in Sources */ = {isa = PBXBuildFile; fileRef = 80A6859427091FC600E7DEE3 /* AppDelegate.swift */; };
		80A6859727091FC600E7DEE3 /* SceneDelegate.swift in Sources */ = {isa = PBXBuildFile; fileRef = 80A6859627091FC600E7DEE3 /* SceneDelegate.swift */; };
		80A6859927091FC600E7DEE3 /* VejrViewController.swift in Sources */ = {isa = PBXBuildFile; fileRef = 80A6859827091FC600E7DEE3 /* VejrViewController.swift */; };
		80A6859E27091FC800E7DEE3 /* Assets.xcassets in Resources */ = {isa = PBXBuildFile; fileRef = 80A6859D27091FC800E7DEE3 /* Assets.xcassets */; };
		80A685A127091FC800E7DEE3 /* LaunchScreen.storyboard in Resources */ = {isa = PBXBuildFile; fileRef = 80A6859F27091FC800E7DEE3 /* LaunchScreen.storyboard */; };
		80A685AA2709217A00E7DEE3 /* Main.storyboard in Resources */ = {isa = PBXBuildFile; fileRef = 80A685A82709217A00E7DEE3 /* Main.storyboard */; };
		80A685AF270922AD00E7DEE3 /* VejrManager.swift in Sources */ = {isa = PBXBuildFile; fileRef = 80A685AE270922AD00E7DEE3 /* VejrManager.swift */; };
		80A685B1270922CE00E7DEE3 /* VejrData.swift in Sources */ = {isa = PBXBuildFile; fileRef = 80A685B0270922CE00E7DEE3 /* VejrData.swift */; };
		80A685B3270922DC00E7DEE3 /* VejrModel.swift in Sources */ = {isa = PBXBuildFile; fileRef = 80A685B2270922DC00E7DEE3 /* VejrModel.swift */; };
/* End PBXBuildFile section */

/* Begin PBXFileReference section */
		80A6859127091FC600E7DEE3 /* VejretApplikation.app */ = {isa = PBXFileReference; explicitFileType = wrapper.application; includeInIndex = 0; path = VejretApplikation.app; sourceTree = BUILT_PRODUCTS_DIR; };
		80A6859427091FC600E7DEE3 /* AppDelegate.swift */ = {isa = PBXFileReference; lastKnownFileType = sourcecode.swift; path = AppDelegate.swift; sourceTree = "<group>"; };
		80A6859627091FC600E7DEE3 /* SceneDelegate.swift */ = {isa = PBXFileReference; lastKnownFileType = sourcecode.swift; path = SceneDelegate.swift; sourceTree = "<group>"; };
		80A6859827091FC600E7DEE3 /* VejrViewController.swift */ = {isa = PBXFileReference; lastKnownFileType = sourcecode.swift; path = VejrViewController.swift; sourceTree = "<group>"; };
		80A6859D27091FC800E7DEE3 /* Assets.xcassets */ = {isa = PBXFileReference; lastKnownFileType = folder.assetcatalog; path = Assets.xcassets; sourceTree = "<group>"; };
		80A685A027091FC800E7DEE3 /* Base */ = {isa = PBXFileReference; lastKnownFileType = file.storyboard; name = Base; path = Base.lproj/LaunchScreen.storyboard; sourceTree = "<group>"; };
		80A685A227091FC800E7DEE3 /* Info.plist */ = {isa = PBXFileReference; lastKnownFileType = text.plist.xml; path = Info.plist; sourceTree = "<group>"; };
		80A685A92709217A00E7DEE3 /* Base */ = {isa = PBXFileReference; lastKnownFileType = file.storyboard; name = Base; path = ../../Vejret/View/Base.lproj/Main.storyboard; sourceTree = "<group>"; };
		80A685AE270922AD00E7DEE3 /* VejrManager.swift */ = {isa = PBXFileReference; lastKnownFileType = sourcecode.swift; path = VejrManager.swift; sourceTree = "<group>"; };
		80A685B0270922CE00E7DEE3 /* VejrData.swift */ = {isa = PBXFileReference; lastKnownFileType = sourcecode.swift; path = VejrData.swift; sourceTree = "<group>"; };
		80A685B2270922DC00E7DEE3 /* VejrModel.swift */ = {isa = PBXFileReference; lastKnownFileType = sourcecode.swift; path = VejrModel.swift; sourceTree = "<group>"; };
/* End PBXFileReference section */

/* Begin PBXFrameworksBuildPhase section */
		80A6858E27091FC600E7DEE3 /* Frameworks */ = {
			isa = PBXFrameworksBuildPhase;
			buildActionMask = 2147483647;
			files = (
			);
			runOnlyForDeploymentPostprocessing = 0;
		};
/* End PBXFrameworksBuildPhase section */

/* Begin PBXGroup section */
		80A6858827091FC600E7DEE3 = {
			isa = PBXGroup;
			children = (
				80A6859327091FC600E7DEE3 /* VejretApplikation */,
				80A6859227091FC600E7DEE3 /* Products */,
			);
			sourceTree = "<group>";
		};
		80A6859227091FC600E7DEE3 /* Products */ = {
			isa = PBXGroup;
			children = (
				80A6859127091FC600E7DEE3 /* VejretApplikation.app */,
			);
			name = Products;
			sourceTree = "<group>";
		};
		80A6859327091FC600E7DEE3 /* VejretApplikation */ = {
			isa = PBXGroup;
			children = (
				80A6859627091FC600E7DEE3 /* SceneDelegate.swift */,
				80A6859427091FC600E7DEE3 /* AppDelegate.swift */,
				80A685AB2709222000E7DEE3 /* Model */,
				80A685AD2709224100E7DEE3 /* Controller */,
				80A685AC2709223000E7DEE3 /* View */,
				80A6859D27091FC800E7DEE3 /* Assets.xcassets */,
				80A6859F27091FC800E7DEE3 /* LaunchScreen.storyboard */,
				80A685A227091FC800E7DEE3 /* Info.plist */,
			);
			path = VejretApplikation;
			sourceTree = "<group>";
		};
		80A685AB2709222000E7DEE3 /* Model */ = {
			isa = PBXGroup;
			children = (
				80A685AE270922AD00E7DEE3 /* VejrManager.swift */,
				80A685B0270922CE00E7DEE3 /* VejrData.swift */,
				80A685B2270922DC00E7DEE3 /* VejrModel.swift */,
			);
			path = Model;
			sourceTree = "<group>";
		};
		80A685AC2709223000E7DEE3 /* View */ = {
			isa = PBXGroup;
			children = (
				80A685A82709217A00E7DEE3 /* Main.storyboard */,
			);
			path = View;
			sourceTree = "<group>";
		};
		80A685AD2709224100E7DEE3 /* Controller */ = {
			isa = PBXGroup;
			children = (
				80A6859827091FC600E7DEE3 /* VejrViewController.swift */,
			);
			path = Controller;
			sourceTree = "<group>";
		};
/* End PBXGroup section */

/* Begin PBXNativeTarget section */
		80A6859027091FC600E7DEE3 /* VejretApplikation */ = {
			isa = PBXNativeTarget;
			buildConfigurationList = 80A685A527091FC800E7DEE3 /* Build configuration list for PBXNativeTarget "VejretApplikation" */;
			buildPhases = (
				80A6858D27091FC600E7DEE3 /* Sources */,
				80A6858E27091FC600E7DEE3 /* Frameworks */,
				80A6858F27091FC600E7DEE3 /* Resources */,
			);
			buildRules = (
			);
			dependencies = (
			);
			name = VejretApplikation;
			productName = VejretApplikation;
			productReference = 80A6859127091FC600E7DEE3 /* VejretApplikation.app */;
			productType = "com.apple.product-type.application";
		};
/* End PBXNativeTarget section */

/* Begin PBXProject section */
		80A6858927091FC600E7DEE3 /* Project object */ = {
			isa = PBXProject;
			attributes = {
				BuildIndependentTargetsInParallel = 1;
				LastSwiftUpdateCheck = 1300;
				LastUpgradeCheck = 1300;
				TargetAttributes = {
					80A6859027091FC600E7DEE3 = {
						CreatedOnToolsVersion = 13.0;
					};
				};
			};
			buildConfigurationList = 80A6858C27091FC600E7DEE3 /* Build configuration list for PBXProject "VejretApplikation" */;
			compatibilityVersion = "Xcode 13.0";
			developmentRegion = en;
			hasScannedForEncodings = 0;
			knownRegions = (
				en,
				Base,
			);
			mainGroup = 80A6858827091FC600E7DEE3;
			productRefGroup = 80A6859227091FC600E7DEE3 /* Products */;
			projectDirPath = "";
			projectRoot = "";
			targets = (
				80A6859027091FC600E7DEE3 /* VejretApplikation */,
			);
		};
/* End PBXProject section */

/* Begin PBXResourcesBuildPhase section */
		80A6858F27091FC600E7DEE3 /* Resources */ = {
			isa = PBXResourcesBuildPhase;
			buildActionMask = 2147483647;
			files = (
				80A685A127091FC800E7DEE3 /* LaunchScreen.storyboard in Resources */,
				80A6859E27091FC800E7DEE3 /* Assets.xcassets in Resources */,
				80A685AA2709217A00E7DEE3 /* Main.storyboard in Resources */,
			);
			runOnlyForDeploymentPostprocessing = 0;
		};
/* End PBXResourcesBuildPhase section */

/* Begin PBXSourcesBuildPhase section */
		80A6858D27091FC600E7DEE3 /* Sources */ = {
			isa = PBXSourcesBuildPhase;
			buildActionMask = 2147483647;
			files = (
				80A6859927091FC600E7DEE3 /* VejrViewController.swift in Sources */,
				80A685B1270922CE00E7DEE3 /* VejrData.swift in Sources */,
				80A6859527091FC600E7DEE3 /* AppDelegate.swift in Sources */,
				80A685AF270922AD00E7DEE3 /* VejrManager.swift in Sources */,
				80A685B3270922DC00E7DEE3 /* VejrModel.swift in Sources */,
				80A6859727091FC600E7DEE3 /* SceneDelegate.swift in Sources */,
			);
			runOnlyForDeploymentPostprocessing = 0;
		};
/* End PBXSourcesBuildPhase section */

/* Begin PBXVariantGroup section */
		80A6859F27091FC800E7DEE3 /* LaunchScreen.storyboard */ = {
			isa = PBXVariantGroup;
			children = (
				80A685A027091FC800E7DEE3 /* Base */,
			);
			name = LaunchScreen.storyboard;
			sourceTree = "<group>";
		};
		80A685A82709217A00E7DEE3 /* Main.storyboard */ = {
			isa = PBXVariantGroup;
			children = (
				80A685A92709217A00E7DEE3 /* Base */,
			);
			name = Main.storyboard;
			sourceTree = "<group>";
		};
/* End PBXVariantGroup section */

/* Begin XCBuildConfiguration section */
		80A685A327091FC800E7DEE3 /* Debug */ = {
			isa = XCBuildConfiguration;
			buildSettings = {
				ALWAYS_SEARCH_USER_PATHS = NO;
				CLANG_ANALYZER_NONNULL = YES;
				CLANG_ANALYZER_NUMBER_OBJECT_CONVERSION = YES_AGGRESSIVE;
				CLANG_CXX_LANGUAGE_STANDARD = "gnu++17";
				CLANG_CXX_LIBRARY = "libc++";
				CLANG_ENABLE_MODULES = YES;
				CLANG_ENABLE_OBJC_ARC = YES;
				CLANG_ENABLE_OBJC_WEAK = YES;
				CLANG_WARN_BLOCK_CAPTURE_AUTORELEASING = YES;
				CLANG_WARN_BOOL_CONVERSION = YES;
				CLANG_WARN_COMMA = YES;
				CLANG_WARN_CONSTANT_CONVERSION = YES;
				CLANG_WARN_DEPRECATED_OBJC_IMPLEMENTATIONS = YES;
				CLANG_WARN_DIRECT_OBJC_ISA_USAGE = YES_ERROR;
				CLANG_WARN_DOCUMENTATION_COMMENTS = YES;
				CLANG_WARN_EMPTY_BODY = YES;
				CLANG_WARN_ENUM_CONVERSION = YES;
				CLANG_WARN_INFINITE_RECURSION = YES;
				CLANG_WARN_INT_CONVERSION = YES;
				CLANG_WARN_NON_LITERAL_NULL_CONVERSION = YES;
				CLANG_WARN_OBJC_IMPLICIT_RETAIN_SELF = YES;
				CLANG_WARN_OBJC_LITERAL_CONVERSION = YES;
				CLANG_WARN_OBJC_ROOT_CLASS = YES_ERROR;
				CLANG_WARN_QUOTED_INCLUDE_IN_FRAMEWORK_HEADER = YES;
				CLANG_WARN_RANGE_LOOP_ANALYSIS = YES;
				CLANG_WARN_STRICT_PROTOTYPES = YES;
				CLANG_WARN_SUSPICIOUS_MOVE = YES;
				CLANG_WARN_UNGUARDED_AVAILABILITY = YES_AGGRESSIVE;
				CLANG_WARN_UNREACHABLE_CODE = YES;
				CLANG_WARN__DUPLICATE_METHOD_MATCH = YES;
				COPY_PHASE_STRIP = NO;
				DEBUG_INFORMATION_FORMAT = dwarf;
				ENABLE_STRICT_OBJC_MSGSEND = YES;
				ENABLE_TESTABILITY = YES;
				GCC_C_LANGUAGE_STANDARD = gnu11;
				GCC_DYNAMIC_NO_PIC = NO;
				GCC_NO_COMMON_BLOCKS = YES;
				GCC_OPTIMIZATION_LEVEL = 0;
				GCC_PREPROCESSOR_DEFINITIONS = (
					"DEBUG=1",
					"$(inherited)",
				);
				GCC_WARN_64_TO_32_BIT_CONVERSION = YES;
				GCC_WARN_ABOUT_RETURN_TYPE = YES_ERROR;
				GCC_WARN_UNDECLARED_SELECTOR = YES;
				GCC_WARN_UNINITIALIZED_AUTOS = YES_AGGRESSIVE;
				GCC_WARN_UNUSED_FUNCTION = YES;
				GCC_WARN_UNUSED_VARIABLE = YES;
				IPHONEOS_DEPLOYMENT_TARGET = 15.0;
				MTL_ENABLE_DEBUG_INFO = INCLUDE_SOURCE;
				MTL_FAST_MATH = YES;
				ONLY_ACTIVE_ARCH = YES;
				SDKROOT = iphoneos;
				SWIFT_ACTIVE_COMPILATION_CONDITIONS = DEBUG;
				SWIFT_OPTIMIZATION_LEVEL = "-Onone";
			};
			name = Debug;
		};
		80A685A427091FC800E7DEE3 /* Release */ = {
			isa = XCBuildConfiguration;
			buildSettings = {
				ALWAYS_SEARCH_USER_PATHS = NO;
				CLANG_ANALYZER_NONNULL = YES;
				CLANG_ANALYZER_NUMBER_OBJECT_CONVERSION = YES_AGGRESSIVE;
				CLANG_CXX_LANGUAGE_STANDARD = "gnu++17";
				CLANG_CXX_LIBRARY = "libc++";
				CLANG_ENABLE_MODULES = YES;
				CLANG_ENABLE_OBJC_ARC = YES;
				CLANG_ENABLE_OBJC_WEAK = YES;
				CLANG_WARN_BLOCK_CAPTURE_AUTORELEASING = YES;
				CLANG_WARN_BOOL_CONVERSION = YES;
				CLANG_WARN_COMMA = YES;
				CLANG_WARN_CONSTANT_CONVERSION = YES;
				CLANG_WARN_DEPRECATED_OBJC_IMPLEMENTATIONS = YES;
				CLANG_WARN_DIRECT_OBJC_ISA_USAGE = YES_ERROR;
				CLANG_WARN_DOCUMENTATION_COMMENTS = YES;
				CLANG_WARN_EMPTY_BODY = YES;
				CLANG_WARN_ENUM_CONVERSION = YES;
				CLANG_WARN_INFINITE_RECURSION = YES;
				CLANG_WARN_INT_CONVERSION = YES;
				CLANG_WARN_NON_LITERAL_NULL_CONVERSION = YES;
				CLANG_WARN_OBJC_IMPLICIT_RETAIN_SELF = YES;
				CLANG_WARN_OBJC_LITERAL_CONVERSION = YES;
				CLANG_WARN_OBJC_ROOT_CLASS = YES_ERROR;
				CLANG_WARN_QUOTED_INCLUDE_IN_FRAMEWORK_HEADER = YES;
				CLANG_WARN_RANGE_LOOP_ANALYSIS = YES;
				CLANG_WARN_STRICT_PROTOTYPES = YES;
				CLANG_WARN_SUSPICIOUS_MOVE = YES;
				CLANG_WARN_UNGUARDED_AVAILABILITY = YES_AGGRESSIVE;
				CLANG_WARN_UNREACHABLE_CODE = YES;
				CLANG_WARN__DUPLICATE_METHOD_MATCH = YES;
				COPY_PHASE_STRIP = NO;
				DEBUG_INFORMATION_FORMAT = "dwarf-with-dsym";
				ENABLE_NS_ASSERTIONS = NO;
				ENABLE_STRICT_OBJC_MSGSEND = YES;
				GCC_C_LANGUAGE_STANDARD = gnu11;
				GCC_NO_COMMON_BLOCKS = YES;
				GCC_WARN_64_TO_32_BIT_CONVERSION = YES;
				GCC_WARN_ABOUT_RETURN_TYPE = YES_ERROR;
				GCC_WARN_UNDECLARED_SELECTOR = YES;
				GCC_WARN_UNINITIALIZED_AUTOS = YES_AGGRESSIVE;
				GCC_WARN_UNUSED_FUNCTION = YES;
				GCC_WARN_UNUSED_VARIABLE = YES;
				IPHONEOS_DEPLOYMENT_TARGET = 15.0;
				MTL_ENABLE_DEBUG_INFO = NO;
				MTL_FAST_MATH = YES;
				SDKROOT = iphoneos;
				SWIFT_COMPILATION_MODE = wholemodule;
				SWIFT_OPTIMIZATION_LEVEL = "-O";
				VALIDATE_PRODUCT = YES;
			};
			name = Release;
		};
		80A685A627091FC800E7DEE3 /* Debug */ = {
			isa = XCBuildConfiguration;
			buildSettings = {
				ASSETCATALOG_COMPILER_APPICON_NAME = AppIcon;
				ASSETCATALOG_COMPILER_GLOBAL_ACCENT_COLOR_NAME = AccentColor;
				CODE_SIGN_STYLE = Automatic;
				CURRENT_PROJECT_VERSION = 1;
				GENERATE_INFOPLIST_FILE = YES;
				INFOPLIST_FILE = VejretApplikation/Info.plist;
				INFOPLIST_KEY_UIApplicationSupportsIndirectInputEvents = YES;
				INFOPLIST_KEY_UILaunchStoryboardName = LaunchScreen;
				INFOPLIST_KEY_UIMainStoryboardFile = Main;
				INFOPLIST_KEY_UISupportedInterfaceOrientations_iPad = "UIInterfaceOrientationPortrait UIInterfaceOrientationPortraitUpsideDown UIInterfaceOrientationLandscapeLeft UIInterfaceOrientationLandscapeRight";
				INFOPLIST_KEY_UISupportedInterfaceOrientations_iPhone = "UIInterfaceOrientationPortrait UIInterfaceOrientationLandscapeLeft UIInterfaceOrientationLandscapeRight";
				IPHONEOS_DEPLOYMENT_TARGET = 13.0;
				LD_RUNPATH_SEARCH_PATHS = (
					"$(inherited)",
					"@executable_path/Frameworks",
				);
				MARKETING_VERSION = 1.0;
				PRODUCT_BUNDLE_IDENTIFIER = com.timm.VejretApplikation;
				PRODUCT_NAME = "$(TARGET_NAME)";
				SWIFT_EMIT_LOC_STRINGS = YES;
				SWIFT_VERSION = 5.0;
				TARGETED_DEVICE_FAMILY = "1,2";
			};
			name = Debug;
		};
		80A685A727091FC800E7DEE3 /* Release */ = {
			isa = XCBuildConfiguration;
			buildSettings = {
				ASSETCATALOG_COMPILER_APPICON_NAME = AppIcon;
				ASSETCATALOG_COMPILER_GLOBAL_ACCENT_COLOR_NAME = AccentColor;
				CODE_SIGN_STYLE = Automatic;
				CURRENT_PROJECT_VERSION = 1;
				GENERATE_INFOPLIST_FILE = YES;
				INFOPLIST_FILE = VejretApplikation/Info.plist;
				INFOPLIST_KEY_UIApplicationSupportsIndirectInputEvents = YES;
				INFOPLIST_KEY_UILaunchStoryboardName = LaunchScreen;
				INFOPLIST_KEY_UIMainStoryboardFile = Main;
				INFOPLIST_KEY_UISupportedInterfaceOrientations_iPad = "UIInterfaceOrientationPortrait UIInterfaceOrientationPortraitUpsideDown UIInterfaceOrientationLandscapeLeft UIInterfaceOrientationLandscapeRight";
				INFOPLIST_KEY_UISupportedInterfaceOrientations_iPhone = "UIInterfaceOrientationPortrait UIInterfaceOrientationLandscapeLeft UIInterfaceOrientationLandscapeRight";
				IPHONEOS_DEPLOYMENT_TARGET = 13.0;
				LD_RUNPATH_SEARCH_PATHS = (
					"$(inherited)",
					"@executable_path/Frameworks",
				);
				MARKETING_VERSION = 1.0;
				PRODUCT_BUNDLE_IDENTIFIER = com.timm.VejretApplikation;
				PRODUCT_NAME = "$(TARGET_NAME)";
				SWIFT_EMIT_LOC_STRINGS = YES;
				SWIFT_VERSION = 5.0;
				TARGETED_DEVICE_FAMILY = "1,2";
			};
			name = Release;
		};
/* End XCBuildConfiguration section */

/* Begin XCConfigurationList section */
		80A6858C27091FC600E7DEE3 /* Build configuration list for PBXProject "VejretApplikation" */ = {
			isa = XCConfigurationList;
			buildConfigurations = (
				80A685A327091FC800E7DEE3 /* Debug */,
				80A685A427091FC800E7DEE3 /* Release */,
			);
			defaultConfigurationIsVisible = 0;
			defaultConfigurationName = Release;
		};
		80A685A527091FC800E7DEE3 /* Build configuration list for PBXNativeTarget "VejretApplikation" */ = {
			isa = XCConfigurationList;
			buildConfigurations = (
				80A685A627091FC800E7DEE3 /* Debug */,
				80A685A727091FC800E7DEE3 /* Release */,
			);
			defaultConfigurationIsVisible = 0;
			defaultConfigurationName = Release;
		};
/* End XCConfigurationList section */
	};
	rootObject = 80A6858927091FC600E7DEE3 /* Project object */;
}
